
Microsoft Visual Studio Solution File, Format Version 12.00
# Visual Studio 15
VisualStudioVersion = 15.0.27004.2002
MinimumVisualStudioVersion = 10.0.40219.1
Project("{FAE04EC0-301F-11D3-BF4B-00C04F79EFBC}") = "day4", "day4\day4.csproj", "{98AEFD54-CF9B-482A-B3F4-B16178A893DD}"
EndProject
Project("{FAE04EC0-301F-11D3-BF4B-00C04F79EFBC}") = "day4test", "day4test\day4test.csproj", "{612B7B53-F075-4913-892D-18D26BB62E3B}"
EndProject
Global
	GlobalSection(SolutionConfigurationPlatforms) = preSolution
		Debug|Any CPU = Debug|Any CPU
		Release|Any CPU = Release|Any CPU
	EndGlobalSection
	GlobalSection(ProjectConfigurationPlatforms) = postSolution
		{98AEFD54-CF9B-482A-B3F4-B16178A893DD}.Debug|Any CPU.ActiveCfg = Debug|Any CPU
		{98AEFD54-CF9B-482A-B3F4-B16178A893DD}.Debug|Any CPU.Build.0 = Debug|Any CPU
		{98AEFD54-CF9B-482A-B3F4-B16178A893DD}.Release|Any CPU.ActiveCfg = Release|Any CPU
		{98AEFD54-CF9B-482A-B3F4-B16178A893DD}.Release|Any CPU.Build.0 = Release|Any CPU
		{612B7B53-F075-4913-892D-18D26BB62E3B}.Debug|Any CPU.ActiveCfg = Debug|Any CPU
		{612B7B53-F075-4913-892D-18D26BB62E3B}.Debug|Any CPU.Build.0 = Debug|Any CPU
		{612B7B53-F075-4913-892D-18D26BB62E3B}.Release|Any CPU.ActiveCfg = Release|Any CPU
		{612B7B53-F075-4913-892D-18D26BB62E3B}.Release|Any CPU.Build.0 = Release|Any CPU
	EndGlobalSection
	GlobalSection(SolutionProperties) = preSolution
		HideSolutionNode = FALSE
	EndGlobalSection
	GlobalSection(ExtensibilityGlobals) = postSolution
		SolutionGuid = {BEECBA1F-EE06-4825-A9F2-9BF40F788EBC}
	EndGlobalSection
EndGlobal
